// !$*UTF8*$!
{
	archiveVersion = 1;
	classes = {
	};
	objectVersion = 51;
	objects = {

/* Begin PBXBuildFile section */
		7281C05A279971690087D930 /* AppDelegate.swift in Sources */ = {isa = PBXBuildFile; fileRef = 7281C059279971690087D930 /* AppDelegate.swift */; };
		7281C05C279971690087D930 /* SceneDelegate.swift in Sources */ = {isa = PBXBuildFile; fileRef = 7281C05B279971690087D930 /* SceneDelegate.swift */; };
		7281C061279971690087D930 /* Main.storyboard in Resources */ = {isa = PBXBuildFile; fileRef = 7281C05F279971690087D930 /* Main.storyboard */; };
		7281C0632799716C0087D930 /* Assets.xcassets in Resources */ = {isa = PBXBuildFile; fileRef = 7281C0622799716C0087D930 /* Assets.xcassets */; };
		7281C0662799716C0087D930 /* LaunchScreen.storyboard in Resources */ = {isa = PBXBuildFile; fileRef = 7281C0642799716C0087D930 /* LaunchScreen.storyboard */; };
		7281C0712799716D0087D930 /* Newsoft_iOS_TestTests.swift in Sources */ = {isa = PBXBuildFile; fileRef = 7281C0702799716D0087D930 /* Newsoft_iOS_TestTests.swift */; };
		7281C07C2799716D0087D930 /* Newsoft_iOS_TestUITests.swift in Sources */ = {isa = PBXBuildFile; fileRef = 7281C07B2799716D0087D930 /* Newsoft_iOS_TestUITests.swift */; };
		7281C08B279971B90087D930 /* conversation.json in Resources */ = {isa = PBXBuildFile; fileRef = 7281C089279971B90087D930 /* conversation.json */; };
		7281C08C279971B90087D930 /* message.json in Resources */ = {isa = PBXBuildFile; fileRef = 7281C08A279971B90087D930 /* message.json */; };
		7281C092279972120087D930 /* MainViewController.swift in Sources */ = {isa = PBXBuildFile; fileRef = 7281C091279972120087D930 /* MainViewController.swift */; };
		7281C09427997C9D0087D930 /* ChatDetailViewController.swift in Sources */ = {isa = PBXBuildFile; fileRef = 7281C09327997C9D0087D930 /* ChatDetailViewController.swift */; };
		7281C09627997E8C0087D930 /* MainViewModel.swift in Sources */ = {isa = PBXBuildFile; fileRef = 7281C09527997E8C0087D930 /* MainViewModel.swift */; };
		7281C09827997E960087D930 /* ChatDetailViewModel.swift in Sources */ = {isa = PBXBuildFile; fileRef = 7281C09727997E960087D930 /* ChatDetailViewModel.swift */; };
		7281C0A027997EFA0087D930 /* FileUtils.swift in Sources */ = {isa = PBXBuildFile; fileRef = 7281C09F27997EFA0087D930 /* FileUtils.swift */; };
		7281C0A227997F130087D930 /* Conversation.swift in Sources */ = {isa = PBXBuildFile; fileRef = 7281C0A127997F130087D930 /* Conversation.swift */; };
		7281C0A427997F1A0087D930 /* Message.swift in Sources */ = {isa = PBXBuildFile; fileRef = 7281C0A327997F1A0087D930 /* Message.swift */; };
		7281C0A7279980C90087D930 /* ConversationTableViewCell.swift in Sources */ = {isa = PBXBuildFile; fileRef = 7281C0A5279980C90087D930 /* ConversationTableViewCell.swift */; };
		7281C0A8279980C90087D930 /* ConversationTableViewCell.xib in Resources */ = {isa = PBXBuildFile; fileRef = 7281C0A6279980C90087D930 /* ConversationTableViewCell.xib */; };
		7281C0AF2799993E0087D930 /* IncomingMessageTableViewCell.swift in Sources */ = {isa = PBXBuildFile; fileRef = 7281C0AD2799993E0087D930 /* IncomingMessageTableViewCell.swift */; };
		7281C0B02799993E0087D930 /* IncomingMessageTableViewCell.xib in Resources */ = {isa = PBXBuildFile; fileRef = 7281C0AE2799993E0087D930 /* IncomingMessageTableViewCell.xib */; };
		7281C0B32799994C0087D930 /* OutgoingMessageTableViewCell.swift in Sources */ = {isa = PBXBuildFile; fileRef = 7281C0B12799994C0087D930 /* OutgoingMessageTableViewCell.swift */; };
		7281C0B42799994C0087D930 /* OutgoingMessageTableViewCell.xib in Resources */ = {isa = PBXBuildFile; fileRef = 7281C0B22799994C0087D930 /* OutgoingMessageTableViewCell.xib */; };
		7B038A08390EE0276D04664A /* Pods_Newsoft_iOS_Test_Newsoft_iOS_TestUITests.framework in Frameworks */ = {isa = PBXBuildFile; fileRef = 936182DFA1F1203B9CEDAD0E /* Pods_Newsoft_iOS_Test_Newsoft_iOS_TestUITests.framework */; };
		ECAA7699EC9067D250D53FF0 /* Pods_Newsoft_iOS_TestTests.framework in Frameworks */ = {isa = PBXBuildFile; fileRef = AAAF594DA585F40A56E95B73 /* Pods_Newsoft_iOS_TestTests.framework */; };
		ED18783B9FEA708403652261 /* Pods_Newsoft_iOS_Test.framework in Frameworks */ = {isa = PBXBuildFile; fileRef = C96CF9919002DFC9FBC86EDC /* Pods_Newsoft_iOS_Test.framework */; };
/* End PBXBuildFile section */

/* Begin PBXContainerItemProxy section */
		7281C06D2799716D0087D930 /* PBXContainerItemProxy */ = {
			isa = PBXContainerItemProxy;
			containerPortal = 7281C04E279971690087D930 /* Project object */;
			proxyType = 1;
			remoteGlobalIDString = 7281C055279971690087D930;
			remoteInfo = "Newsoft iOS Test";
		};
		7281C0782799716D0087D930 /* PBXContainerItemProxy */ = {
			isa = PBXContainerItemProxy;
			containerPortal = 7281C04E279971690087D930 /* Project object */;
			proxyType = 1;
			remoteGlobalIDString = 7281C055279971690087D930;
			remoteInfo = "Newsoft iOS Test";
		};
/* End PBXContainerItemProxy section */

/* Begin PBXFileReference section */
		388F26E2AD214FB69ABE8D8D /* Pods-Newsoft iOS Test.release.xcconfig */ = {isa = PBXFileReference; includeInIndex = 1; lastKnownFileType = text.xcconfig; name = "Pods-Newsoft iOS Test.release.xcconfig"; path = "Target Support Files/Pods-Newsoft iOS Test/Pods-Newsoft iOS Test.release.xcconfig"; sourceTree = "<group>"; };
		6EB72F5F8E335328F70E7AB2 /* Pods-Newsoft iOS TestTests.release.xcconfig */ = {isa = PBXFileReference; includeInIndex = 1; lastKnownFileType = text.xcconfig; name = "Pods-Newsoft iOS TestTests.release.xcconfig"; path = "Target Support Files/Pods-Newsoft iOS TestTests/Pods-Newsoft iOS TestTests.release.xcconfig"; sourceTree = "<group>"; };
		7281C056279971690087D930 /* Newsoft iOS Test.app */ = {isa = PBXFileReference; explicitFileType = wrapper.application; includeInIndex = 0; path = "Newsoft iOS Test.app"; sourceTree = BUILT_PRODUCTS_DIR; };
		7281C059279971690087D930 /* AppDelegate.swift */ = {isa = PBXFileReference; lastKnownFileType = sourcecode.swift; path = AppDelegate.swift; sourceTree = "<group>"; };
		7281C05B279971690087D930 /* SceneDelegate.swift */ = {isa = PBXFileReference; lastKnownFileType = sourcecode.swift; path = SceneDelegate.swift; sourceTree = "<group>"; };
		7281C060279971690087D930 /* Base */ = {isa = PBXFileReference; lastKnownFileType = file.storyboard; name = Base; path = Base.lproj/Main.storyboard; sourceTree = "<group>"; };
		7281C0622799716C0087D930 /* Assets.xcassets */ = {isa = PBXFileReference; lastKnownFileType = folder.assetcatalog; path = Assets.xcassets; sourceTree = "<group>"; };
		7281C0652799716C0087D930 /* Base */ = {isa = PBXFileReference; lastKnownFileType = file.storyboard; name = Base; path = Base.lproj/LaunchScreen.storyboard; sourceTree = "<group>"; };
		7281C0672799716C0087D930 /* Info.plist */ = {isa = PBXFileReference; lastKnownFileType = text.plist.xml; path = Info.plist; sourceTree = "<group>"; };
		7281C06C2799716D0087D930 /* Newsoft iOS TestTests.xctest */ = {isa = PBXFileReference; explicitFileType = wrapper.cfbundle; includeInIndex = 0; path = "Newsoft iOS TestTests.xctest"; sourceTree = BUILT_PRODUCTS_DIR; };
		7281C0702799716D0087D930 /* Newsoft_iOS_TestTests.swift */ = {isa = PBXFileReference; lastKnownFileType = sourcecode.swift; path = Newsoft_iOS_TestTests.swift; sourceTree = "<group>"; };
		7281C0722799716D0087D930 /* Info.plist */ = {isa = PBXFileReference; lastKnownFileType = text.plist.xml; path = Info.plist; sourceTree = "<group>"; };
		7281C0772799716D0087D930 /* Newsoft iOS TestUITests.xctest */ = {isa = PBXFileReference; explicitFileType = wrapper.cfbundle; includeInIndex = 0; path = "Newsoft iOS TestUITests.xctest"; sourceTree = BUILT_PRODUCTS_DIR; };
		7281C07B2799716D0087D930 /* Newsoft_iOS_TestUITests.swift */ = {isa = PBXFileReference; lastKnownFileType = sourcecode.swift; path = Newsoft_iOS_TestUITests.swift; sourceTree = "<group>"; };
		7281C07D2799716D0087D930 /* Info.plist */ = {isa = PBXFileReference; lastKnownFileType = text.plist.xml; path = Info.plist; sourceTree = "<group>"; };
		7281C089279971B90087D930 /* conversation.json */ = {isa = PBXFileReference; fileEncoding = 4; lastKnownFileType = text.json; path = conversation.json; sourceTree = "<group>"; };
		7281C08A279971B90087D930 /* message.json */ = {isa = PBXFileReference; fileEncoding = 4; lastKnownFileType = text.json; path = message.json; sourceTree = "<group>"; };
		7281C091279972120087D930 /* MainViewController.swift */ = {isa = PBXFileReference; lastKnownFileType = sourcecode.swift; path = MainViewController.swift; sourceTree = "<group>"; };
		7281C09327997C9D0087D930 /* ChatDetailViewController.swift */ = {isa = PBXFileReference; lastKnownFileType = sourcecode.swift; path = ChatDetailViewController.swift; sourceTree = "<group>"; };
		7281C09527997E8C0087D930 /* MainViewModel.swift */ = {isa = PBXFileReference; lastKnownFileType = sourcecode.swift; path = MainViewModel.swift; sourceTree = "<group>"; };
		7281C09727997E960087D930 /* ChatDetailViewModel.swift */ = {isa = PBXFileReference; lastKnownFileType = sourcecode.swift; path = ChatDetailViewModel.swift; sourceTree = "<group>"; };
		7281C09F27997EFA0087D930 /* FileUtils.swift */ = {isa = PBXFileReference; lastKnownFileType = sourcecode.swift; path = FileUtils.swift; sourceTree = "<group>"; };
		7281C0A127997F130087D930 /* Conversation.swift */ = {isa = PBXFileReference; lastKnownFileType = sourcecode.swift; path = Conversation.swift; sourceTree = "<group>"; };
		7281C0A327997F1A0087D930 /* Message.swift */ = {isa = PBXFileReference; lastKnownFileType = sourcecode.swift; path = Message.swift; sourceTree = "<group>"; };
		7281C0A5279980C90087D930 /* ConversationTableViewCell.swift */ = {isa = PBXFileReference; lastKnownFileType = sourcecode.swift; path = ConversationTableViewCell.swift; sourceTree = "<group>"; };
		7281C0A6279980C90087D930 /* ConversationTableViewCell.xib */ = {isa = PBXFileReference; lastKnownFileType = file.xib; path = ConversationTableViewCell.xib; sourceTree = "<group>"; };
		7281C0AD2799993E0087D930 /* IncomingMessageTableViewCell.swift */ = {isa = PBXFileReference; lastKnownFileType = sourcecode.swift; path = IncomingMessageTableViewCell.swift; sourceTree = "<group>"; };
		7281C0AE2799993E0087D930 /* IncomingMessageTableViewCell.xib */ = {isa = PBXFileReference; lastKnownFileType = file.xib; path = IncomingMessageTableViewCell.xib; sourceTree = "<group>"; };
		7281C0B12799994C0087D930 /* OutgoingMessageTableViewCell.swift */ = {isa = PBXFileReference; lastKnownFileType = sourcecode.swift; path = OutgoingMessageTableViewCell.swift; sourceTree = "<group>"; };
		7281C0B22799994C0087D930 /* OutgoingMessageTableViewCell.xib */ = {isa = PBXFileReference; lastKnownFileType = file.xib; path = OutgoingMessageTableViewCell.xib; sourceTree = "<group>"; };
		81AD0CDF5862A0A164A138D5 /* Pods-Newsoft iOS TestTests.debug.xcconfig */ = {isa = PBXFileReference; includeInIndex = 1; lastKnownFileType = text.xcconfig; name = "Pods-Newsoft iOS TestTests.debug.xcconfig"; path = "Target Support Files/Pods-Newsoft iOS TestTests/Pods-Newsoft iOS TestTests.debug.xcconfig"; sourceTree = "<group>"; };
		936182DFA1F1203B9CEDAD0E /* Pods_Newsoft_iOS_Test_Newsoft_iOS_TestUITests.framework */ = {isa = PBXFileReference; explicitFileType = wrapper.framework; includeInIndex = 0; path = Pods_Newsoft_iOS_Test_Newsoft_iOS_TestUITests.framework; sourceTree = BUILT_PRODUCTS_DIR; };
		AAAF594DA585F40A56E95B73 /* Pods_Newsoft_iOS_TestTests.framework */ = {isa = PBXFileReference; explicitFileType = wrapper.framework; includeInIndex = 0; path = Pods_Newsoft_iOS_TestTests.framework; sourceTree = BUILT_PRODUCTS_DIR; };
		C5F2008C78CB10720E5197B7 /* Pods-Newsoft iOS Test-Newsoft iOS TestUITests.release.xcconfig */ = {isa = PBXFileReference; includeInIndex = 1; lastKnownFileType = text.xcconfig; name = "Pods-Newsoft iOS Test-Newsoft iOS TestUITests.release.xcconfig"; path = "Target Support Files/Pods-Newsoft iOS Test-Newsoft iOS TestUITests/Pods-Newsoft iOS Test-Newsoft iOS TestUITests.release.xcconfig"; sourceTree = "<group>"; };
		C8DA779B99D78C1B1188B37C /* Pods-Newsoft iOS Test-Newsoft iOS TestUITests.debug.xcconfig */ = {isa = PBXFileReference; includeInIndex = 1; lastKnownFileType = text.xcconfig; name = "Pods-Newsoft iOS Test-Newsoft iOS TestUITests.debug.xcconfig"; path = "Target Support Files/Pods-Newsoft iOS Test-Newsoft iOS TestUITests/Pods-Newsoft iOS Test-Newsoft iOS TestUITests.debug.xcconfig"; sourceTree = "<group>"; };
		C96CF9919002DFC9FBC86EDC /* Pods_Newsoft_iOS_Test.framework */ = {isa = PBXFileReference; explicitFileType = wrapper.framework; includeInIndex = 0; path = Pods_Newsoft_iOS_Test.framework; sourceTree = BUILT_PRODUCTS_DIR; };
		D4C986C38F4D2F82A62C97E5 /* Pods-Newsoft iOS Test.debug.xcconfig */ = {isa = PBXFileReference; includeInIndex = 1; lastKnownFileType = text.xcconfig; name = "Pods-Newsoft iOS Test.debug.xcconfig"; path = "Target Support Files/Pods-Newsoft iOS Test/Pods-Newsoft iOS Test.debug.xcconfig"; sourceTree = "<group>"; };
/* End PBXFileReference section */

/* Begin PBXFrameworksBuildPhase section */
		7281C053279971690087D930 /* Frameworks */ = {
			isa = PBXFrameworksBuildPhase;
			buildActionMask = 2147483647;
			files = (
				ED18783B9FEA708403652261 /* Pods_Newsoft_iOS_Test.framework in Frameworks */,
			);
			runOnlyForDeploymentPostprocessing = 0;
		};
		7281C0692799716D0087D930 /* Frameworks */ = {
			isa = PBXFrameworksBuildPhase;
			buildActionMask = 2147483647;
			files = (
				ECAA7699EC9067D250D53FF0 /* Pods_Newsoft_iOS_TestTests.framework in Frameworks */,
			);
			runOnlyForDeploymentPostprocessing = 0;
		};
		7281C0742799716D0087D930 /* Frameworks */ = {
			isa = PBXFrameworksBuildPhase;
			buildActionMask = 2147483647;
			files = (
				7B038A08390EE0276D04664A /* Pods_Newsoft_iOS_Test_Newsoft_iOS_TestUITests.framework in Frameworks */,
			);
			runOnlyForDeploymentPostprocessing = 0;
		};
/* End PBXFrameworksBuildPhase section */

/* Begin PBXGroup section */
		70A26F02A1101AB41AE34E5C /* Frameworks */ = {
			isa = PBXGroup;
			children = (
				C96CF9919002DFC9FBC86EDC /* Pods_Newsoft_iOS_Test.framework */,
				936182DFA1F1203B9CEDAD0E /* Pods_Newsoft_iOS_Test_Newsoft_iOS_TestUITests.framework */,
				AAAF594DA585F40A56E95B73 /* Pods_Newsoft_iOS_TestTests.framework */,
			);
			name = Frameworks;
			sourceTree = "<group>";
		};
		7281C04D279971690087D930 = {
			isa = PBXGroup;
			children = (
				7281C058279971690087D930 /* Newsoft iOS Test */,
				7281C06F2799716D0087D930 /* Newsoft iOS TestTests */,
				7281C07A2799716D0087D930 /* Newsoft iOS TestUITests */,
				7281C057279971690087D930 /* Products */,
				B2918E11F0CFC2B517781A62 /* Pods */,
				70A26F02A1101AB41AE34E5C /* Frameworks */,
			);
			sourceTree = "<group>";
		};
		7281C057279971690087D930 /* Products */ = {
			isa = PBXGroup;
			children = (
				7281C056279971690087D930 /* Newsoft iOS Test.app */,
				7281C06C2799716D0087D930 /* Newsoft iOS TestTests.xctest */,
				7281C0772799716D0087D930 /* Newsoft iOS TestUITests.xctest */,
			);
			name = Products;
			sourceTree = "<group>";
		};
		7281C058279971690087D930 /* Newsoft iOS Test */ = {
			isa = PBXGroup;
			children = (
				7281C09E27997ED10087D930 /* Assets */,
				7281C09D27997EBE0087D930 /* Utils */,
				7281C09C27997EBA0087D930 /* Model */,
				7281C09927997EA50087D930 /* UI */,
				7281C059279971690087D930 /* AppDelegate.swift */,
				7281C05B279971690087D930 /* SceneDelegate.swift */,
				7281C05F279971690087D930 /* Main.storyboard */,
				7281C0622799716C0087D930 /* Assets.xcassets */,
				7281C0642799716C0087D930 /* LaunchScreen.storyboard */,
				7281C0672799716C0087D930 /* Info.plist */,
			);
			path = "Newsoft iOS Test";
			sourceTree = "<group>";
		};
		7281C06F2799716D0087D930 /* Newsoft iOS TestTests */ = {
			isa = PBXGroup;
			children = (
				7281C0702799716D0087D930 /* Newsoft_iOS_TestTests.swift */,
				7281C0722799716D0087D930 /* Info.plist */,
			);
			path = "Newsoft iOS TestTests";
			sourceTree = "<group>";
		};
		7281C07A2799716D0087D930 /* Newsoft iOS TestUITests */ = {
			isa = PBXGroup;
			children = (
				7281C07B2799716D0087D930 /* Newsoft_iOS_TestUITests.swift */,
				7281C07D2799716D0087D930 /* Info.plist */,
			);
			path = "Newsoft iOS TestUITests";
			sourceTree = "<group>";
		};
		7281C09927997EA50087D930 /* UI */ = {
			isa = PBXGroup;
			children = (
				7281C09B27997EB20087D930 /* ChatDetail */,
				7281C09A27997EAF0087D930 /* Main */,
			);
			path = UI;
			sourceTree = "<group>";
		};
		7281C09A27997EAF0087D930 /* Main */ = {
			isa = PBXGroup;
			children = (
				7281C091279972120087D930 /* MainViewController.swift */,
				7281C09527997E8C0087D930 /* MainViewModel.swift */,
				7281C0A5279980C90087D930 /* ConversationTableViewCell.swift */,
				7281C0A6279980C90087D930 /* ConversationTableViewCell.xib */,
			);
			path = Main;
			sourceTree = "<group>";
		};
		7281C09B27997EB20087D930 /* ChatDetail */ = {
			isa = PBXGroup;
			children = (
				7281C09327997C9D0087D930 /* ChatDetailViewController.swift */,
				7281C09727997E960087D930 /* ChatDetailViewModel.swift */,
				7281C0B12799994C0087D930 /* OutgoingMessageTableViewCell.swift */,
				7281C0B22799994C0087D930 /* OutgoingMessageTableViewCell.xib */,
				7281C0AD2799993E0087D930 /* IncomingMessageTableViewCell.swift */,
				7281C0AE2799993E0087D930 /* IncomingMessageTableViewCell.xib */,
			);
			path = ChatDetail;
			sourceTree = "<group>";
		};
		7281C09C27997EBA0087D930 /* Model */ = {
			isa = PBXGroup;
			children = (
				7281C0A127997F130087D930 /* Conversation.swift */,
				7281C0A327997F1A0087D930 /* Message.swift */,
			);
			path = Model;
			sourceTree = "<group>";
		};
		7281C09D27997EBE0087D930 /* Utils */ = {
			isa = PBXGroup;
			children = (
				7281C09F27997EFA0087D930 /* FileUtils.swift */,
			);
			path = Utils;
			sourceTree = "<group>";
		};
		7281C09E27997ED10087D930 /* Assets */ = {
			isa = PBXGroup;
			children = (
				7281C089279971B90087D930 /* conversation.json */,
				7281C08A279971B90087D930 /* message.json */,
			);
			path = Assets;
			sourceTree = "<group>";
		};
		B2918E11F0CFC2B517781A62 /* Pods */ = {
			isa = PBXGroup;
			children = (
				D4C986C38F4D2F82A62C97E5 /* Pods-Newsoft iOS Test.debug.xcconfig */,
				388F26E2AD214FB69ABE8D8D /* Pods-Newsoft iOS Test.release.xcconfig */,
				C8DA779B99D78C1B1188B37C /* Pods-Newsoft iOS Test-Newsoft iOS TestUITests.debug.xcconfig */,
				C5F2008C78CB10720E5197B7 /* Pods-Newsoft iOS Test-Newsoft iOS TestUITests.release.xcconfig */,
				81AD0CDF5862A0A164A138D5 /* Pods-Newsoft iOS TestTests.debug.xcconfig */,
				6EB72F5F8E335328F70E7AB2 /* Pods-Newsoft iOS TestTests.release.xcconfig */,
			);
			path = Pods;
			sourceTree = "<group>";
		};
/* End PBXGroup section */

/* Begin PBXNativeTarget section */
		7281C055279971690087D930 /* Newsoft iOS Test */ = {
			isa = PBXNativeTarget;
			buildConfigurationList = 7281C0802799716D0087D930 /* Build configuration list for PBXNativeTarget "Newsoft iOS Test" */;
			buildPhases = (
				1E8CE829A65F391FA585BD2D /* [CP] Check Pods Manifest.lock */,
				7281C052279971690087D930 /* Sources */,
				7281C053279971690087D930 /* Frameworks */,
				7281C054279971690087D930 /* Resources */,
				D767D9E8B0993DAA8CC3F51C /* [CP] Embed Pods Frameworks */,
			);
			buildRules = (
			);
			dependencies = (
			);
			name = "Newsoft iOS Test";
			productName = "Newsoft iOS Test";
			productReference = 7281C056279971690087D930 /* Newsoft iOS Test.app */;
			productType = "com.apple.product-type.application";
		};
		7281C06B2799716D0087D930 /* Newsoft iOS TestTests */ = {
			isa = PBXNativeTarget;
			buildConfigurationList = 7281C0832799716D0087D930 /* Build configuration list for PBXNativeTarget "Newsoft iOS TestTests" */;
			buildPhases = (
				DBDF9BEC5BB6BE5FDE4093D0 /* [CP] Check Pods Manifest.lock */,
				7281C0682799716D0087D930 /* Sources */,
				7281C0692799716D0087D930 /* Frameworks */,
				7281C06A2799716D0087D930 /* Resources */,
			);
			buildRules = (
			);
			dependencies = (
				7281C06E2799716D0087D930 /* PBXTargetDependency */,
			);
			name = "Newsoft iOS TestTests";
			productName = "Newsoft iOS TestTests";
			productReference = 7281C06C2799716D0087D930 /* Newsoft iOS TestTests.xctest */;
			productType = "com.apple.product-type.bundle.unit-test";
		};
		7281C0762799716D0087D930 /* Newsoft iOS TestUITests */ = {
			isa = PBXNativeTarget;
			buildConfigurationList = 7281C0862799716D0087D930 /* Build configuration list for PBXNativeTarget "Newsoft iOS TestUITests" */;
			buildPhases = (
				0C438C4128D7EA70F9FF27C9 /* [CP] Check Pods Manifest.lock */,
				7281C0732799716D0087D930 /* Sources */,
				7281C0742799716D0087D930 /* Frameworks */,
				7281C0752799716D0087D930 /* Resources */,
				764A0EEF3C7E9415A55B10EE /* [CP] Embed Pods Frameworks */,
			);
			buildRules = (
			);
			dependencies = (
				7281C0792799716D0087D930 /* PBXTargetDependency */,
			);
			name = "Newsoft iOS TestUITests";
			productName = "Newsoft iOS TestUITests";
			productReference = 7281C0772799716D0087D930 /* Newsoft iOS TestUITests.xctest */;
			productType = "com.apple.product-type.bundle.ui-testing";
		};
/* End PBXNativeTarget section */

/* Begin PBXProject section */
		7281C04E279971690087D930 /* Project object */ = {
			isa = PBXProject;
			attributes = {
				LastSwiftUpdateCheck = 1250;
				LastUpgradeCheck = 1250;
				TargetAttributes = {
					7281C055279971690087D930 = {
						CreatedOnToolsVersion = 12.5.1;
					};
					7281C06B2799716D0087D930 = {
						CreatedOnToolsVersion = 12.5.1;
						TestTargetID = 7281C055279971690087D930;
					};
					7281C0762799716D0087D930 = {
						CreatedOnToolsVersion = 12.5.1;
						TestTargetID = 7281C055279971690087D930;
					};
				};
			};
			buildConfigurationList = 7281C051279971690087D930 /* Build configuration list for PBXProject "Newsoft iOS Test" */;
			compatibilityVersion = "Xcode 9.3";
			developmentRegion = en;
			hasScannedForEncodings = 0;
			knownRegions = (
				en,
				Base,
			);
			mainGroup = 7281C04D279971690087D930;
			productRefGroup = 7281C057279971690087D930 /* Products */;
			projectDirPath = "";
			projectRoot = "";
			targets = (
				7281C055279971690087D930 /* Newsoft iOS Test */,
				7281C06B2799716D0087D930 /* Newsoft iOS TestTests */,
				7281C0762799716D0087D930 /* Newsoft iOS TestUITests */,
			);
		};
/* End PBXProject section */

/* Begin PBXResourcesBuildPhase section */
		7281C054279971690087D930 /* Resources */ = {
			isa = PBXResourcesBuildPhase;
			buildActionMask = 2147483647;
			files = (
				7281C0A8279980C90087D930 /* ConversationTableViewCell.xib in Resources */,
				7281C08B279971B90087D930 /* conversation.json in Resources */,
				7281C0B02799993E0087D930 /* IncomingMessageTableViewCell.xib in Resources */,
				7281C0662799716C0087D930 /* LaunchScreen.storyboard in Resources */,
				7281C0632799716C0087D930 /* Assets.xcassets in Resources */,
				7281C061279971690087D930 /* Main.storyboard in Resources */,
				7281C0B42799994C0087D930 /* OutgoingMessageTableViewCell.xib in Resources */,
				7281C08C279971B90087D930 /* message.json in Resources */,
			);
			runOnlyForDeploymentPostprocessing = 0;
		};
		7281C06A2799716D0087D930 /* Resources */ = {
			isa = PBXResourcesBuildPhase;
			buildActionMask = 2147483647;
			files = (
			);
			runOnlyForDeploymentPostprocessing = 0;
		};
		7281C0752799716D0087D930 /* Resources */ = {
			isa = PBXResourcesBuildPhase;
			buildActionMask = 2147483647;
			files = (
			);
			runOnlyForDeploymentPostprocessing = 0;
		};
/* End PBXResourcesBuildPhase section */

/* Begin PBXShellScriptBuildPhase section */
		0C438C4128D7EA70F9FF27C9 /* [CP] Check Pods Manifest.lock */ = {
			isa = PBXShellScriptBuildPhase;
			buildActionMask = 2147483647;
			files = (
			);
			inputFileListPaths = (
			);
			inputPaths = (
				"${PODS_PODFILE_DIR_PATH}/Podfile.lock",
				"${PODS_ROOT}/Manifest.lock",
			);
			name = "[CP] Check Pods Manifest.lock";
			outputFileListPaths = (
			);
			outputPaths = (
				"$(DERIVED_FILE_DIR)/Pods-Newsoft iOS Test-Newsoft iOS TestUITests-checkManifestLockResult.txt",
			);
			runOnlyForDeploymentPostprocessing = 0;
			shellPath = /bin/sh;
			shellScript = "diff \"${PODS_PODFILE_DIR_PATH}/Podfile.lock\" \"${PODS_ROOT}/Manifest.lock\" > /dev/null\nif [ $? != 0 ] ; then\n    # print error to STDERR\n    echo \"error: The sandbox is not in sync with the Podfile.lock. Run 'pod install' or update your CocoaPods installation.\" >&2\n    exit 1\nfi\n# This output is used by Xcode 'outputs' to avoid re-running this script phase.\necho \"SUCCESS\" > \"${SCRIPT_OUTPUT_FILE_0}\"\n";
			showEnvVarsInLog = 0;
		};
		1E8CE829A65F391FA585BD2D /* [CP] Check Pods Manifest.lock */ = {
			isa = PBXShellScriptBuildPhase;
			buildActionMask = 2147483647;
			files = (
			);
			inputFileListPaths = (
			);
			inputPaths = (
				"${PODS_PODFILE_DIR_PATH}/Podfile.lock",
				"${PODS_ROOT}/Manifest.lock",
			);
			name = "[CP] Check Pods Manifest.lock";
			outputFileListPaths = (
			);
			outputPaths = (
				"$(DERIVED_FILE_DIR)/Pods-Newsoft iOS Test-checkManifestLockResult.txt",
			);
			runOnlyForDeploymentPostprocessing = 0;
			shellPath = /bin/sh;
			shellScript = "diff \"${PODS_PODFILE_DIR_PATH}/Podfile.lock\" \"${PODS_ROOT}/Manifest.lock\" > /dev/null\nif [ $? != 0 ] ; then\n    # print error to STDERR\n    echo \"error: The sandbox is not in sync with the Podfile.lock. Run 'pod install' or update your CocoaPods installation.\" >&2\n    exit 1\nfi\n# This output is used by Xcode 'outputs' to avoid re-running this script phase.\necho \"SUCCESS\" > \"${SCRIPT_OUTPUT_FILE_0}\"\n";
			showEnvVarsInLog = 0;
		};
		764A0EEF3C7E9415A55B10EE /* [CP] Embed Pods Frameworks */ = {
			isa = PBXShellScriptBuildPhase;
			buildActionMask = 2147483647;
			files = (
			);
			inputFileListPaths = (
				"${PODS_ROOT}/Target Support Files/Pods-Newsoft iOS Test-Newsoft iOS TestUITests/Pods-Newsoft iOS Test-Newsoft iOS TestUITests-frameworks-${CONFIGURATION}-input-files.xcfilelist",
			);
			name = "[CP] Embed Pods Frameworks";
			outputFileListPaths = (
				"${PODS_ROOT}/Target Support Files/Pods-Newsoft iOS Test-Newsoft iOS TestUITests/Pods-Newsoft iOS Test-Newsoft iOS TestUITests-frameworks-${CONFIGURATION}-output-files.xcfilelist",
			);
			runOnlyForDeploymentPostprocessing = 0;
			shellPath = /bin/sh;
			shellScript = "\"${PODS_ROOT}/Target Support Files/Pods-Newsoft iOS Test-Newsoft iOS TestUITests/Pods-Newsoft iOS Test-Newsoft iOS TestUITests-frameworks.sh\"\n";
			showEnvVarsInLog = 0;
		};
		D767D9E8B0993DAA8CC3F51C /* [CP] Embed Pods Frameworks */ = {
			isa = PBXShellScriptBuildPhase;
			buildActionMask = 2147483647;
			files = (
			);
			inputFileListPaths = (
				"${PODS_ROOT}/Target Support Files/Pods-Newsoft iOS Test/Pods-Newsoft iOS Test-frameworks-${CONFIGURATION}-input-files.xcfilelist",
			);
			name = "[CP] Embed Pods Frameworks";
			outputFileListPaths = (
				"${PODS_ROOT}/Target Support Files/Pods-Newsoft iOS Test/Pods-Newsoft iOS Test-frameworks-${CONFIGURATION}-output-files.xcfilelist",
			);
			runOnlyForDeploymentPostprocessing = 0;
			shellPath = /bin/sh;
			shellScript = "\"${PODS_ROOT}/Target Support Files/Pods-Newsoft iOS Test/Pods-Newsoft iOS Test-frameworks.sh\"\n";
			showEnvVarsInLog = 0;
		};
		DBDF9BEC5BB6BE5FDE4093D0 /* [CP] Check Pods Manifest.lock */ = {
			isa = PBXShellScriptBuildPhase;
			buildActionMask = 2147483647;
			files = (
			);
			inputFileListPaths = (
			);
			inputPaths = (
				"${PODS_PODFILE_DIR_PATH}/Podfile.lock",
				"${PODS_ROOT}/Manifest.lock",
			);
			name = "[CP] Check Pods Manifest.lock";
			outputFileListPaths = (
			);
			outputPaths = (
				"$(DERIVED_FILE_DIR)/Pods-Newsoft iOS TestTests-checkManifestLockResult.txt",
			);
			runOnlyForDeploymentPostprocessing = 0;
			shellPath = /bin/sh;
			shellScript = "diff \"${PODS_PODFILE_DIR_PATH}/Podfile.lock\" \"${PODS_ROOT}/Manifest.lock\" > /dev/null\nif [ $? != 0 ] ; then\n    # print error to STDERR\n    echo \"error: The sandbox is not in sync with the Podfile.lock. Run 'pod install' or update your CocoaPods installation.\" >&2\n    exit 1\nfi\n# This output is used by Xcode 'outputs' to avoid re-running this script phase.\necho \"SUCCESS\" > \"${SCRIPT_OUTPUT_FILE_0}\"\n";
			showEnvVarsInLog = 0;
		};
/* End PBXShellScriptBuildPhase section */

/* Begin PBXSourcesBuildPhase section */
		7281C052279971690087D930 /* Sources */ = {
			isa = PBXSourcesBuildPhase;
			buildActionMask = 2147483647;
			files = (
				7281C09427997C9D0087D930 /* ChatDetailViewController.swift in Sources */,
				7281C05A279971690087D930 /* AppDelegate.swift in Sources */,
				7281C0A227997F130087D930 /* Conversation.swift in Sources */,
				7281C0A027997EFA0087D930 /* FileUtils.swift in Sources */,
				7281C0B32799994C0087D930 /* OutgoingMessageTableViewCell.swift in Sources */,
				7281C0AF2799993E0087D930 /* IncomingMessageTableViewCell.swift in Sources */,
				7281C0A7279980C90087D930 /* ConversationTableViewCell.swift in Sources */,
				7281C09827997E960087D930 /* ChatDetailViewModel.swift in Sources */,
				7281C05C279971690087D930 /* SceneDelegate.swift in Sources */,
				7281C0A427997F1A0087D930 /* Message.swift in Sources */,
				7281C092279972120087D930 /* MainViewController.swift in Sources */,
				7281C09627997E8C0087D930 /* MainViewModel.swift in Sources */,
			);
			runOnlyForDeploymentPostprocessing = 0;
		};
		7281C0682799716D0087D930 /* Sources */ = {
			isa = PBXSourcesBuildPhase;
			buildActionMask = 2147483647;
			files = (
				7281C0712799716D0087D930 /* Newsoft_iOS_TestTests.swift in Sources */,
			);
			runOnlyForDeploymentPostprocessing = 0;
		};
		7281C0732799716D0087D930 /* Sources */ = {
			isa = PBXSourcesBuildPhase;
			buildActionMask = 2147483647;
			files = (
				7281C07C2799716D0087D930 /* Newsoft_iOS_TestUITests.swift in Sources */,
			);
			runOnlyForDeploymentPostprocessing = 0;
		};
/* End PBXSourcesBuildPhase section */

/* Begin PBXTargetDependency section */
		7281C06E2799716D0087D930 /* PBXTargetDependency */ = {
			isa = PBXTargetDependency;
			target = 7281C055279971690087D930 /* Newsoft iOS Test */;
			targetProxy = 7281C06D2799716D0087D930 /* PBXContainerItemProxy */;
		};
		7281C0792799716D0087D930 /* PBXTargetDependency */ = {
			isa = PBXTargetDependency;
			target = 7281C055279971690087D930 /* Newsoft iOS Test */;
			targetProxy = 7281C0782799716D0087D930 /* PBXContainerItemProxy */;
		};
/* End PBXTargetDependency section */

/* Begin PBXVariantGroup section */
		7281C05F279971690087D930 /* Main.storyboard */ = {
			isa = PBXVariantGroup;
			children = (
				7281C060279971690087D930 /* Base */,
			);
			name = Main.storyboard;
			sourceTree = "<group>";
		};
		7281C0642799716C0087D930 /* LaunchScreen.storyboard */ = {
			isa = PBXVariantGroup;
			children = (
				7281C0652799716C0087D930 /* Base */,
			);
			name = LaunchScreen.storyboard;
			sourceTree = "<group>";
		};
/* End PBXVariantGroup section */

/* Begin XCBuildConfiguration section */
		7281C07E2799716D0087D930 /* Debug */ = {
			isa = XCBuildConfiguration;
			buildSettings = {
				ALWAYS_SEARCH_USER_PATHS = NO;
				CLANG_ANALYZER_NONNULL = YES;
				CLANG_ANALYZER_NUMBER_OBJECT_CONVERSION = YES_AGGRESSIVE;
				CLANG_CXX_LANGUAGE_STANDARD = "gnu++14";
				CLANG_CXX_LIBRARY = "libc++";
				CLANG_ENABLE_MODULES = YES;
				CLANG_ENABLE_OBJC_ARC = YES;
				CLANG_ENABLE_OBJC_WEAK = YES;
				CLANG_WARN_BLOCK_CAPTURE_AUTORELEASING = YES;
				CLANG_WARN_BOOL_CONVERSION = YES;
				CLANG_WARN_COMMA = YES;
				CLANG_WARN_CONSTANT_CONVERSION = YES;
				CLANG_WARN_DEPRECATED_OBJC_IMPLEMENTATIONS = YES;
				CLANG_WARN_DIRECT_OBJC_ISA_USAGE = YES_ERROR;
				CLANG_WARN_DOCUMENTATION_COMMENTS = YES;
				CLANG_WARN_EMPTY_BODY = YES;
				CLANG_WARN_ENUM_CONVERSION = YES;
				CLANG_WARN_INFINITE_RECURSION = YES;
				CLANG_WARN_INT_CONVERSION = YES;
				CLANG_WARN_NON_LITERAL_NULL_CONVERSION = YES;
				CLANG_WARN_OBJC_IMPLICIT_RETAIN_SELF = YES;
				CLANG_WARN_OBJC_LITERAL_CONVERSION = YES;
				CLANG_WARN_OBJC_ROOT_CLASS = YES_ERROR;
				CLANG_WARN_QUOTED_INCLUDE_IN_FRAMEWORK_HEADER = YES;
				CLANG_WARN_RANGE_LOOP_ANALYSIS = YES;
				CLANG_WARN_STRICT_PROTOTYPES = YES;
				CLANG_WARN_SUSPICIOUS_MOVE = YES;
				CLANG_WARN_UNGUARDED_AVAILABILITY = YES_AGGRESSIVE;
				CLANG_WARN_UNREACHABLE_CODE = YES;
				CLANG_WARN__DUPLICATE_METHOD_MATCH = YES;
				COPY_PHASE_STRIP = NO;
				DEBUG_INFORMATION_FORMAT = dwarf;
				ENABLE_STRICT_OBJC_MSGSEND = YES;
				ENABLE_TESTABILITY = YES;
				GCC_C_LANGUAGE_STANDARD = gnu11;
				GCC_DYNAMIC_NO_PIC = NO;
				GCC_NO_COMMON_BLOCKS = YES;
				GCC_OPTIMIZATION_LEVEL = 0;
				GCC_PREPROCESSOR_DEFINITIONS = (
					"DEBUG=1",
					"$(inherited)",
				);
				GCC_WARN_64_TO_32_BIT_CONVERSION = YES;
				GCC_WARN_ABOUT_RETURN_TYPE = YES_ERROR;
				GCC_WARN_UNDECLARED_SELECTOR = YES;
				GCC_WARN_UNINITIALIZED_AUTOS = YES_AGGRESSIVE;
				GCC_WARN_UNUSED_FUNCTION = YES;
				GCC_WARN_UNUSED_VARIABLE = YES;
				IPHONEOS_DEPLOYMENT_TARGET = 14.5;
				MTL_ENABLE_DEBUG_INFO = INCLUDE_SOURCE;
				MTL_FAST_MATH = YES;
				ONLY_ACTIVE_ARCH = YES;
				SDKROOT = iphoneos;
				SWIFT_ACTIVE_COMPILATION_CONDITIONS = DEBUG;
				SWIFT_OPTIMIZATION_LEVEL = "-Onone";
			};
			name = Debug;
		};
		7281C07F2799716D0087D930 /* Release */ = {
			isa = XCBuildConfiguration;
			buildSettings = {
				ALWAYS_SEARCH_USER_PATHS = NO;
				CLANG_ANALYZER_NONNULL = YES;
				CLANG_ANALYZER_NUMBER_OBJECT_CONVERSION = YES_AGGRESSIVE;
				CLANG_CXX_LANGUAGE_STANDARD = "gnu++14";
				CLANG_CXX_LIBRARY = "libc++";
				CLANG_ENABLE_MODULES = YES;
				CLANG_ENABLE_OBJC_ARC = YES;
				CLANG_ENABLE_OBJC_WEAK = YES;
				CLANG_WARN_BLOCK_CAPTURE_AUTORELEASING = YES;
				CLANG_WARN_BOOL_CONVERSION = YES;
				CLANG_WARN_COMMA = YES;
				CLANG_WARN_CONSTANT_CONVERSION = YES;
				CLANG_WARN_DEPRECATED_OBJC_IMPLEMENTATIONS = YES;
				CLANG_WARN_DIRECT_OBJC_ISA_USAGE = YES_ERROR;
				CLANG_WARN_DOCUMENTATION_COMMENTS = YES;
				CLANG_WARN_EMPTY_BODY = YES;
				CLANG_WARN_ENUM_CONVERSION = YES;
				CLANG_WARN_INFINITE_RECURSION = YES;
				CLANG_WARN_INT_CONVERSION = YES;
				CLANG_WARN_NON_LITERAL_NULL_CONVERSION = YES;
				CLANG_WARN_OBJC_IMPLICIT_RETAIN_SELF = YES;
				CLANG_WARN_OBJC_LITERAL_CONVERSION = YES;
				CLANG_WARN_OBJC_ROOT_CLASS = YES_ERROR;
				CLANG_WARN_QUOTED_INCLUDE_IN_FRAMEWORK_HEADER = YES;
				CLANG_WARN_RANGE_LOOP_ANALYSIS = YES;
				CLANG_WARN_STRICT_PROTOTYPES = YES;
				CLANG_WARN_SUSPICIOUS_MOVE = YES;
				CLANG_WARN_UNGUARDED_AVAILABILITY = YES_AGGRESSIVE;
				CLANG_WARN_UNREACHABLE_CODE = YES;
				CLANG_WARN__DUPLICATE_METHOD_MATCH = YES;
				COPY_PHASE_STRIP = NO;
				DEBUG_INFORMATION_FORMAT = "dwarf-with-dsym";
				ENABLE_NS_ASSERTIONS = NO;
				ENABLE_STRICT_OBJC_MSGSEND = YES;
				GCC_C_LANGUAGE_STANDARD = gnu11;
				GCC_NO_COMMON_BLOCKS = YES;
				GCC_WARN_64_TO_32_BIT_CONVERSION = YES;
				GCC_WARN_ABOUT_RETURN_TYPE = YES_ERROR;
				GCC_WARN_UNDECLARED_SELECTOR = YES;
				GCC_WARN_UNINITIALIZED_AUTOS = YES_AGGRESSIVE;
				GCC_WARN_UNUSED_FUNCTION = YES;
				GCC_WARN_UNUSED_VARIABLE = YES;
				IPHONEOS_DEPLOYMENT_TARGET = 14.5;
				MTL_ENABLE_DEBUG_INFO = NO;
				MTL_FAST_MATH = YES;
				SDKROOT = iphoneos;
				SWIFT_COMPILATION_MODE = wholemodule;
				SWIFT_OPTIMIZATION_LEVEL = "-O";
				VALIDATE_PRODUCT = YES;
			};
			name = Release;
		};
		7281C0812799716D0087D930 /* Debug */ = {
			isa = XCBuildConfiguration;
			baseConfigurationReference = D4C986C38F4D2F82A62C97E5 /* Pods-Newsoft iOS Test.debug.xcconfig */;
			buildSettings = {
				ASSETCATALOG_COMPILER_APPICON_NAME = AppIcon;
				ASSETCATALOG_COMPILER_GLOBAL_ACCENT_COLOR_NAME = AccentColor;
				CODE_SIGN_STYLE = Automatic;
				INFOPLIST_FILE = "Newsoft iOS Test/Info.plist";
				LD_RUNPATH_SEARCH_PATHS = (
					"$(inherited)",
					"@executable_path/Frameworks",
				);
				PRODUCT_BUNDLE_IDENTIFIER = "com.newsoft.test.Newsoft-iOS-Test";
				PRODUCT_NAME = "$(TARGET_NAME)";
				SWIFT_VERSION = 5.0;
				TARGETED_DEVICE_FAMILY = "1,2";
			};
			name = Debug;
		};
		7281C0822799716D0087D930 /* Release */ = {
			isa = XCBuildConfiguration;
			baseConfigurationReference = 388F26E2AD214FB69ABE8D8D /* Pods-Newsoft iOS Test.release.xcconfig */;
			buildSettings = {
				ASSETCATALOG_COMPILER_APPICON_NAME = AppIcon;
				ASSETCATALOG_COMPILER_GLOBAL_ACCENT_COLOR_NAME = AccentColor;
				CODE_SIGN_STYLE = Automatic;
				INFOPLIST_FILE = "Newsoft iOS Test/Info.plist";
				LD_RUNPATH_SEARCH_PATHS = (
					"$(inherited)",
					"@executable_path/Frameworks",
				);
				PRODUCT_BUNDLE_IDENTIFIER = "com.newsoft.test.Newsoft-iOS-Test";
				PRODUCT_NAME = "$(TARGET_NAME)";
				SWIFT_VERSION = 5.0;
				TARGETED_DEVICE_FAMILY = "1,2";
			};
			name = Release;
		};
		7281C0842799716D0087D930 /* Debug */ = {
			isa = XCBuildConfiguration;
			baseConfigurationReference = 81AD0CDF5862A0A164A138D5 /* Pods-Newsoft iOS TestTests.debug.xcconfig */;
			buildSettings = {
				ALWAYS_EMBED_SWIFT_STANDARD_LIBRARIES = YES;
				BUNDLE_LOADER = "$(TEST_HOST)";
				CODE_SIGN_STYLE = Automatic;
				INFOPLIST_FILE = "Newsoft iOS TestTests/Info.plist";
				IPHONEOS_DEPLOYMENT_TARGET = 14.5;
				LD_RUNPATH_SEARCH_PATHS = (
					"$(inherited)",
					"@executable_path/Frameworks",
					"@loader_path/Frameworks",
				);
				PRODUCT_BUNDLE_IDENTIFIER = "com.newsoft.test.Newsoft-iOS-TestTests";
				PRODUCT_NAME = "$(TARGET_NAME)";
				SWIFT_VERSION = 5.0;
				TARGETED_DEVICE_FAMILY = "1,2";
				TEST_HOST = "$(BUILT_PRODUCTS_DIR)/Newsoft iOS Test.app/Newsoft iOS Test";
			};
			name = Debug;
		};
		7281C0852799716D0087D930 /* Release */ = {
			isa = XCBuildConfiguration;
			baseConfigurationReference = 6EB72F5F8E335328F70E7AB2 /* Pods-Newsoft iOS TestTests.release.xcconfig */;
			buildSettings = {
				ALWAYS_EMBED_SWIFT_STANDARD_LIBRARIES = YES;
				BUNDLE_LOADER = "$(TEST_HOST)";
				CODE_SIGN_STYLE = Automatic;
				INFOPLIST_FILE = "Newsoft iOS TestTests/Info.plist";
				IPHONEOS_DEPLOYMENT_TARGET = 14.5;
				LD_RUNPATH_SEARCH_PATHS = (
					"$(inherited)",
					"@executable_path/Frameworks",
					"@loader_path/Frameworks",
				);
				PRODUCT_BUNDLE_IDENTIFIER = "com.newsoft.test.Newsoft-iOS-TestTests";
				PRODUCT_NAME = "$(TARGET_NAME)";
				SWIFT_VERSION = 5.0;
				TARGETED_DEVICE_FAMILY = "1,2";
				TEST_HOST = "$(BUILT_PRODUCTS_DIR)/Newsoft iOS Test.app/Newsoft iOS Test";
			};
			name = Release;
		};
		7281C0872799716D0087D930 /* Debug */ = {
			isa = XCBuildConfiguration;
			baseConfigurationReference = C8DA779B99D78C1B1188B37C /* Pods-Newsoft iOS Test-Newsoft iOS TestUITests.debug.xcconfig */;
			buildSettings = {
				ALWAYS_EMBED_SWIFT_STANDARD_LIBRARIES = YES;
				CODE_SIGN_STYLE = Automatic;
				INFOPLIST_FILE = "Newsoft iOS TestUITests/Info.plist";
				LD_RUNPATH_SEARCH_PATHS = (
					"$(inherited)",
					"@executable_path/Frameworks",
					"@loader_path/Frameworks",
				);
				PRODUCT_BUNDLE_IDENTIFIER = "com.newsoft.test.Newsoft-iOS-TestUITests";
				PRODUCT_NAME = "$(TARGET_NAME)";
				SWIFT_VERSION = 5.0;
				TARGETED_DEVICE_FAMILY = "1,2";
				TEST_TARGET_NAME = "Newsoft iOS Test";
			};
			name = Debug;
		};
		7281C0882799716D0087D930 /* Release */ = {
			isa = XCBuildConfiguration;
			baseConfigurationReference = C5F2008C78CB10720E5197B7 /* Pods-Newsoft iOS Test-Newsoft iOS TestUITests.release.xcconfig */;
			buildSettings = {
				ALWAYS_EMBED_SWIFT_STANDARD_LIBRARIES = YES;
				CODE_SIGN_STYLE = Automatic;
				INFOPLIST_FILE = "Newsoft iOS TestUITests/Info.plist";
				LD_RUNPATH_SEARCH_PATHS = (
					"$(inherited)",
					"@executable_path/Frameworks",
					"@loader_path/Frameworks",
				);
				PRODUCT_BUNDLE_IDENTIFIER = "com.newsoft.test.Newsoft-iOS-TestUITests";
				PRODUCT_NAME = "$(TARGET_NAME)";
				SWIFT_VERSION = 5.0;
				TARGETED_DEVICE_FAMILY = "1,2";
				TEST_TARGET_NAME = "Newsoft iOS Test";
			};
			name = Release;
		};
/* End XCBuildConfiguration section */

/* Begin XCConfigurationList section */
		7281C051279971690087D930 /* Build configuration list for PBXProject "Newsoft iOS Test" */ = {
			isa = XCConfigurationList;
			buildConfigurations = (
				7281C07E2799716D0087D930 /* Debug */,
				7281C07F2799716D0087D930 /* Release */,
			);
			defaultConfigurationIsVisible = 0;
			defaultConfigurationName = Release;
		};
		7281C0802799716D0087D930 /* Build configuration list for PBXNativeTarget "Newsoft iOS Test" */ = {
			isa = XCConfigurationList;
			buildConfigurations = (
				7281C0812799716D0087D930 /* Debug */,
				7281C0822799716D0087D930 /* Release */,
			);
			defaultConfigurationIsVisible = 0;
			defaultConfigurationName = Release;
		};
		7281C0832799716D0087D930 /* Build configuration list for PBXNativeTarget "Newsoft iOS TestTests" */ = {
			isa = XCConfigurationList;
			buildConfigurations = (
				7281C0842799716D0087D930 /* Debug */,
				7281C0852799716D0087D930 /* Release */,
			);
			defaultConfigurationIsVisible = 0;
			defaultConfigurationName = Release;
		};
		7281C0862799716D0087D930 /* Build configuration list for PBXNativeTarget "Newsoft iOS TestUITests" */ = {
			isa = XCConfigurationList;
			buildConfigurations = (
				7281C0872799716D0087D930 /* Debug */,
				7281C0882799716D0087D930 /* Release */,
			);
			defaultConfigurationIsVisible = 0;
			defaultConfigurationName = Release;
		};
/* End XCConfigurationList section */
	};
	rootObject = 7281C04E279971690087D930 /* Project object */;
}
